
Microsoft Visual Studio Solution File, Format Version 12.00
# Visual Studio Version 17
VisualStudioVersion = 17.8.34330.188
MinimumVisualStudioVersion = 10.0.40219.1
Project("{9A19103F-16F7-4668-BE54-9A1E7A4F7556}") = "BlackHole", "BlackHole\BlackHole.csproj", "{5A0C1FA5-1E99-4D1C-BA65-78815F9010E8}"
EndProject
Project("{FAE04EC0-301F-11D3-BF4B-00C04F79EFBC}") = "BlackHole.Test", "BlackHole.Test\BlackHole.Test.csproj", "{F8B95288-D553-417C-B600-0A9349834CAF}"
EndProject
Project("{FAE04EC0-301F-11D3-BF4B-00C04F79EFBC}") = "BlackHole.WinForms", "BlackHole.WinForms\BlackHole.WinForms.csproj", "{692C9CC0-F4FB-450A-A380-676D98EF507E}"
EndProject
Global
	GlobalSection(SolutionConfigurationPlatforms) = preSolution
		Debug|Any CPU = Debug|Any CPU
		Release|Any CPU = Release|Any CPU
	EndGlobalSection
	GlobalSection(ProjectConfigurationPlatforms) = postSolution
		{5A0C1FA5-1E99-4D1C-BA65-78815F9010E8}.Debug|Any CPU.ActiveCfg = Debug|Any CPU
		{5A0C1FA5-1E99-4D1C-BA65-78815F9010E8}.Debug|Any CPU.Build.0 = Debug|Any CPU
		{5A0C1FA5-1E99-4D1C-BA65-78815F9010E8}.Release|Any CPU.ActiveCfg = Release|Any CPU
		{5A0C1FA5-1E99-4D1C-BA65-78815F9010E8}.Release|Any CPU.Build.0 = Release|Any CPU
		{F8B95288-D553-417C-B600-0A9349834CAF}.Debug|Any CPU.ActiveCfg = Debug|Any CPU
		{F8B95288-D553-417C-B600-0A9349834CAF}.Debug|Any CPU.Build.0 = Debug|Any CPU
		{F8B95288-D553-417C-B600-0A9349834CAF}.Release|Any CPU.ActiveCfg = Release|Any CPU
		{F8B95288-D553-417C-B600-0A9349834CAF}.Release|Any CPU.Build.0 = Release|Any CPU
		{692C9CC0-F4FB-450A-A380-676D98EF507E}.Debug|Any CPU.ActiveCfg = Debug|Any CPU
		{692C9CC0-F4FB-450A-A380-676D98EF507E}.Debug|Any CPU.Build.0 = Debug|Any CPU
		{692C9CC0-F4FB-450A-A380-676D98EF507E}.Release|Any CPU.ActiveCfg = Release|Any CPU
		{692C9CC0-F4FB-450A-A380-676D98EF507E}.Release|Any CPU.Build.0 = Release|Any CPU
	EndGlobalSection
	GlobalSection(SolutionProperties) = preSolution
		HideSolutionNode = FALSE
	EndGlobalSection
	GlobalSection(ExtensibilityGlobals) = postSolution
		SolutionGuid = {8DDFB364-9F17-4A68-A22C-2640BC00D851}
	EndGlobalSection
EndGlobal
