
Microsoft Visual Studio Solution File, Format Version 12.00
# Visual Studio Version 17
VisualStudioVersion = 17.8.34330.188
MinimumVisualStudioVersion = 10.0.40219.1
Project("{9A19103F-16F7-4668-BE54-9A1E7A4F7556}") = "BlackHole", "BlackHole\BlackHole.csproj", "{2634A976-6CC5-4519-B340-C026A80FCF7B}"
EndProject
Project("{9A19103F-16F7-4668-BE54-9A1E7A4F7556}") = "BlackHole.Test", "BlackHole.Test\BlackHole.Test.csproj", "{5F1A3B90-03AF-4ED1-ACF3-49A3AE6F4059}"
EndProject
Project("{FAE04EC0-301F-11D3-BF4B-00C04F79EFBC}") = "BlackHole.WPF", "BlackHole.WPF\BlackHole.WPF.csproj", "{4C078149-1C0C-4DD0-8E3D-558F4D5CF38E}"
EndProject
Global
	GlobalSection(SolutionConfigurationPlatforms) = preSolution
		Debug|Any CPU = Debug|Any CPU
		Release|Any CPU = Release|Any CPU
	EndGlobalSection
	GlobalSection(ProjectConfigurationPlatforms) = postSolution
		{2634A976-6CC5-4519-B340-C026A80FCF7B}.Debug|Any CPU.ActiveCfg = Debug|Any CPU
		{2634A976-6CC5-4519-B340-C026A80FCF7B}.Debug|Any CPU.Build.0 = Debug|Any CPU
		{2634A976-6CC5-4519-B340-C026A80FCF7B}.Release|Any CPU.ActiveCfg = Release|Any CPU
		{2634A976-6CC5-4519-B340-C026A80FCF7B}.Release|Any CPU.Build.0 = Release|Any CPU
		{5F1A3B90-03AF-4ED1-ACF3-49A3AE6F4059}.Debug|Any CPU.ActiveCfg = Debug|Any CPU
		{5F1A3B90-03AF-4ED1-ACF3-49A3AE6F4059}.Debug|Any CPU.Build.0 = Debug|Any CPU
		{5F1A3B90-03AF-4ED1-ACF3-49A3AE6F4059}.Release|Any CPU.ActiveCfg = Release|Any CPU
		{5F1A3B90-03AF-4ED1-ACF3-49A3AE6F4059}.Release|Any CPU.Build.0 = Release|Any CPU
		{4C078149-1C0C-4DD0-8E3D-558F4D5CF38E}.Debug|Any CPU.ActiveCfg = Debug|Any CPU
		{4C078149-1C0C-4DD0-8E3D-558F4D5CF38E}.Debug|Any CPU.Build.0 = Debug|Any CPU
		{4C078149-1C0C-4DD0-8E3D-558F4D5CF38E}.Release|Any CPU.ActiveCfg = Release|Any CPU
		{4C078149-1C0C-4DD0-8E3D-558F4D5CF38E}.Release|Any CPU.Build.0 = Release|Any CPU
	EndGlobalSection
	GlobalSection(SolutionProperties) = preSolution
		HideSolutionNode = FALSE
	EndGlobalSection
	GlobalSection(ExtensibilityGlobals) = postSolution
		SolutionGuid = {B6CEC7D8-9A1B-48B8-BAC2-0C920FBECF20}
	EndGlobalSection
EndGlobal
